
Microsoft Visual Studio Solution File, Format Version 12.00
# Visual Studio Version 17
VisualStudioVersion = 17.14.37111.16 d17.14
MinimumVisualStudioVersion = 10.0.40219.1
Project("{FAE04EC0-301F-11D3-BF4B-00C04F79EFBC}") = "StencilPad", "StencilPad\StencilPad.csproj", "{9AA63E06-5890-474E-9904-C5B49BF8A482}"
EndProject
Global
	GlobalSection(SolutionConfigurationPlatforms) = preSolution
		Debug|Any CPU = Debug|Any CPU
		Release|Any CPU = Release|Any CPU
	EndGlobalSection
	GlobalSection(ProjectConfigurationPlatforms) = postSolution
		{9AA63E06-5890-474E-9904-C5B49BF8A482}.Debug|Any CPU.ActiveCfg = Debug|Any CPU
		{9AA63E06-5890-474E-9904-C5B49BF8A482}.Debug|Any CPU.Build.0 = Debug|Any CPU
		{9AA63E06-5890-474E-9904-C5B49BF8A482}.Release|Any CPU.ActiveCfg = Release|Any CPU
		{9AA63E06-5890-474E-9904-C5B49BF8A482}.Release|Any CPU.Build.0 = Release|Any CPU
	EndGlobalSection
	GlobalSection(SolutionProperties) = preSolution
		HideSolutionNode = FALSE
	EndGlobalSection
	GlobalSection(ExtensibilityGlobals) = postSolution
		SolutionGuid = {94B2B2A8-7FA7-425F-A8C3-85A9E1264D0C}
	EndGlobalSection
EndGlobal
